{"SurveyEntry":{"SurveyID":"SV_aaUCgEwNf4FMVjU","SurveyName":"SURV400 Survey Template","SurveyDescription":null,"SurveyOwnerID":"UR_eVeSpuFr4YABITI","SurveyBrandID":"umd","DivisionID":null,"SurveyLanguage":"EN","SurveyActiveResponseSet":"RS_1FYqU9WfhWGCq4S","SurveyStatus":"Inactive","SurveyStartDate":"0000-00-00 00:00:00","SurveyExpirationDate":"0000-00-00 00:00:00","SurveyCreationDate":"2025-04-24 15:48:22","CreatorID":"UR_eVeSpuFr4YABITI","LastModified":"2025-04-24 16:23:47","LastAccessed":"0000-00-00 00:00:00","LastActivated":"0000-00-00 00:00:00","Deleted":null},"SurveyElements":[{"SurveyID":"SV_aaUCgEwNf4FMVjU","Element":"BL","PrimaryAttribute":"Survey Blocks","SecondaryAttribute":null,"TertiaryAttribute":null,"Payload":[{"Type":"Default","Description":"Demographic Questions","ID":"BL_26jZtPSPXqk4WqO","BlockElements":[{"Type":"Question","QuestionID":"QID1"},{"Type":"Question","QuestionID":"QID4"},{"Type":"Question","QuestionID":"QID5"},{"Type":"Question","QuestionID":"QID6"}]},{"Type":"Trash","Description":"Trash \/ Unused Questions","ID":"BL_5td4UBFoJS30Jlc"},{"Type":"Standard","SubType":"","Description":"Debrief","ID":"BL_eRJkV6Z8SVGBfee","BlockElements":[{"Type":"Question","QuestionID":"QID2"}]},{"Type":"Standard","SubType":"","Description":"Negatively Correlated Scale","ID":"BL_6R0lIv7MarQdVI2","BlockElements":[{"Type":"Question","QuestionID":"QID7"}]},{"Type":"Standard","SubType":"","Description":"Positively Correlated Scale","ID":"BL_427af4UPwccCUS2","BlockElements":[{"Type":"Question","QuestionID":"QID8"}]},{"Type":"Standard","SubType":"","Description":"New Scale","ID":"BL_a91AIpPoUdEJOhE","BlockElements":[{"Type":"Question","QuestionID":"QID9"}]},{"Type":"Standard","SubType":"","Description":"Informed Consent","ID":"BL_e3ukCGK9yjTK2Zo","BlockElements":[{"Type":"Question","QuestionID":"QID3"}]}]},{"SurveyID":"SV_aaUCgEwNf4FMVjU","Element":"FL","PrimaryAttribute":"Survey Flow","SecondaryAttribute":null,"TertiaryAttribute":null,"Payload":{"Flow":[{"ID":"BL_e3ukCGK9yjTK2Zo","Type":"Standard","FlowID":"FL_7"},{"ID":"BL_26jZtPSPXqk4WqO","Type":"Block","FlowID":"FL_2"},{"ID":"BL_a91AIpPoUdEJOhE","Type":"Standard","FlowID":"FL_6"},{"ID":"BL_427af4UPwccCUS2","Type":"Standard","FlowID":"FL_5"},{"ID":"BL_6R0lIv7MarQdVI2","Type":"Standard","FlowID":"FL_4"},{"ID":"BL_eRJkV6Z8SVGBfee","Type":"Standard","FlowID":"FL_3"}],"Properties":{"Count":7},"FlowID":"FL_1","Type":"Root"}},{"SurveyID":"SV_aaUCgEwNf4FMVjU","Element":"PL","PrimaryAttribute":"Preview Link","SecondaryAttribute":null,"TertiaryAttribute":null,"Payload":{"PreviewType":"Brand","PreviewID":"9d6084b2-2cd9-4129-827b-803cb46d8175"}},{"SurveyID":"SV_aaUCgEwNf4FMVjU","Element":"PROJ","PrimaryAttribute":"CORE","SecondaryAttribute":null,"TertiaryAttribute":"1.1.0","Payload":{"ProjectCategory":"CORE","SchemaVersion":"1.1.0"}},{"SurveyID":"SV_aaUCgEwNf4FMVjU","Element":"QC","PrimaryAttribute":"Survey Question Count","SecondaryAttribute":"9","TertiaryAttribute":null,"Payload":null},{"SurveyID":"SV_aaUCgEwNf4FMVjU","Element":"RS","PrimaryAttribute":"RS_1FYqU9WfhWGCq4S","SecondaryAttribute":"Default Response Set","TertiaryAttribute":null,"Payload":null},{"SurveyID":"SV_aaUCgEwNf4FMVjU","Element":"SCO","PrimaryAttribute":"Scoring","SecondaryAttribute":null,"TertiaryAttribute":null,"Payload":{"ScoringCategories":[],"ScoringCategoryGroups":[],"ScoringSummaryCategory":null,"ScoringSummaryAfterQuestions":0,"ScoringSummaryAfterSurvey":0,"DefaultScoringCategory":null,"AutoScoringCategory":null}},{"SurveyID":"SV_aaUCgEwNf4FMVjU","Element":"SO","PrimaryAttribute":"Survey Options","SecondaryAttribute":null,"TertiaryAttribute":null,"Payload":{"BackButton":"false","SaveAndContinue":"true","SurveyProtection":"PublicSurvey","BallotBoxStuffingPrevention":"false","NoIndex":"Yes","SecureResponseFiles":"true","SurveyExpiration":"None","SurveyTermination":"DefaultMessage","Header":"","Footer":"","ProgressBarDisplay":"None","PartialData":"+1 week","ValidationMessage":"","PreviousButton":"","NextButton":"","SurveyTitle":"Qualtrics Survey | Qualtrics Experience Management","SkinLibrary":"umd","SkinType":"templated","Skin":{"brandingId":"3587758998","templateId":"*base","overrides":null},"NewScoring":1,"SurveyMetaDescription":"The most powerful, simple and trusted way to gather experience data. Start your journey to experience management and try a free account today."}},{"SurveyID":"SV_aaUCgEwNf4FMVjU","Element":"SQ","PrimaryAttribute":"QID1","SecondaryAttribute":"What is your age in years?","TertiaryAttribute":null,"Payload":{"QuestionText":"What is your age in years? <br>","DefaultChoices":false,"DataExportTag":"age","QuestionID":"QID1","QuestionType":"TE","Selector":"SL","DataVisibility":{"Private":false,"Hidden":false},"Configuration":{"QuestionDescriptionOption":"UseText"},"QuestionDescription":"What is your age in years?","Validation":{"Settings":{"ForceResponse":"OFF","ForceResponseType":"ON","Type":"ContentType","MinChars":"1","ContentType":"ValidNumber","ValidDateType":"DateWithFormat","ValidPhoneType":"ValidUSPhone","ValidZipType":"ValidUSZip","ValidNumber":{"Min":"0","Max":"80","NumDecimals":""}}},"GradingData":[],"Language":[],"NextChoiceId":4,"NextAnswerId":1,"SearchSource":{"AllowFreeResponse":"false"}}},{"SurveyID":"SV_aaUCgEwNf4FMVjU","Element":"SQ","PrimaryAttribute":"QID2","SecondaryAttribute":"Thank you for participating in this survey. You may reach me at XXXX@terpmail.umd.edu if you have...","TertiaryAttribute":null,"Payload":{"QuestionText":"Thank you for participating in this survey. You may reach me at XXXX@terpmail.umd.edu if you have any questions or wish to withdraw your data from the analysis. <br>","DefaultChoices":false,"DataExportTag":"Debrief","QuestionType":"DB","Selector":"TB","DataVisibility":{"Private":false,"Hidden":false},"Configuration":{"QuestionDescriptionOption":"UseText"},"QuestionDescription":"Thank you for participating in this survey. You may reach me at XXXX@terpmail.umd.edu if you have...","ChoiceOrder":[],"Validation":{"Settings":{"Type":"None"}},"GradingData":[],"Language":[],"NextChoiceId":4,"NextAnswerId":1,"QuestionID":"QID2"}},{"SurveyID":"SV_aaUCgEwNf4FMVjU","Element":"SQ","PrimaryAttribute":"QID3","SecondaryAttribute":"Hello! Thank you for considering participating in this survey on XX. Participating in this resear...","TertiaryAttribute":null,"Payload":{"QuestionText":"Hello! Thank you for considering participating in this survey on XX. Participating in this research is entirely voluntary and you may withdraw at any time. You may also skip any questions that make you uncomfortable. You can reach me at XXX@terpmail.umd.edu with any questions that you have. <br><br>By moving to the next page, you agree to participate and state that you are over 18 years old. <br>","DefaultChoices":false,"DataExportTag":"IC","QuestionID":"QID3","QuestionType":"DB","Selector":"TB","DataVisibility":{"Private":false,"Hidden":false},"Configuration":{"QuestionDescriptionOption":"UseText"},"QuestionDescription":"Hello! Thank you for considering participating in this survey on XX. Participating in this resear...","ChoiceOrder":["4","5","6","7","8"],"Validation":{"Settings":{"Type":"None"}},"GradingData":[],"Language":[],"NextChoiceId":9,"NextAnswerId":1}},{"SurveyID":"SV_aaUCgEwNf4FMVjU","Element":"SQ","PrimaryAttribute":"QID4","SecondaryAttribute":"What was your biological sex assigned at birth?","TertiaryAttribute":null,"Payload":{"QuestionText":"What was your biological sex assigned at birth?","DefaultChoices":false,"DataExportTag":"sex","QuestionType":"MC","Selector":"SAVR","SubSelector":"TX","DataVisibility":{"Private":false,"Hidden":false},"Configuration":{"QuestionDescriptionOption":"UseText"},"QuestionDescription":"What was your biological sex assigned at birth?","Choices":{"1":{"Display":"Male"},"2":{"Display":"Female"},"3":{"Display":"Intersex"},"4":{"Display":"Other"}},"ChoiceOrder":["1","2","3","4"],"Validation":{"Settings":{"ForceResponse":"OFF","Type":"None"}},"GradingData":[],"Language":[],"NextChoiceId":5,"NextAnswerId":1,"QuestionID":"QID4"}},{"SurveyID":"SV_aaUCgEwNf4FMVjU","Element":"SQ","PrimaryAttribute":"QID5","SecondaryAttribute":"What is your gender identity?","TertiaryAttribute":null,"Payload":{"QuestionText":"What is your gender identity?","DefaultChoices":false,"DataExportTag":"gender","QuestionType":"MC","Selector":"SAVR","SubSelector":"TX","DataVisibility":{"Private":false,"Hidden":false},"Configuration":{"QuestionDescriptionOption":"UseText"},"QuestionDescription":"What is your gender identity?","Choices":{"1":{"Display":"Man"},"2":{"Display":"Woman"},"3":{"Display":"Non-binary"},"4":{"Display":"Other"}},"ChoiceOrder":["1","2","3","4"],"Validation":{"Settings":{"ForceResponse":"OFF","Type":"None"}},"GradingData":[],"Language":[],"NextChoiceId":5,"NextAnswerId":1,"QuestionID":"QID5"}},{"SurveyID":"SV_aaUCgEwNf4FMVjU","Element":"SQ","PrimaryAttribute":"QID6","SecondaryAttribute":"How would you identify your race? Select all that apply.","TertiaryAttribute":null,"Payload":{"QuestionText":"How would you identify your race? Select all that apply.","DefaultChoices":false,"DataExportTag":"race","QuestionType":"MC","Selector":"MAVR","SubSelector":"TX","DataVisibility":{"Private":false,"Hidden":false},"Configuration":{"QuestionDescriptionOption":"UseText"},"QuestionDescription":"How would you identify your race? Select all that apply.","Choices":{"1":{"Display":"White\/Caucasian"},"2":{"Display":"Black\/African American"},"3":{"Display":"Hispanic or Latino"},"4":{"Display":"Middle Eastern or North African (MENA)"},"5":{"Display":"Asian\/Pacific Islander"},"6":{"Display":"Indigenous American\/Alaskan Native"},"7":{"Display":"Native Hawaiian\/Pacific Islander"},"8":{"Display":"Other"}},"ChoiceOrder":[1,2,3,4,5,6,7,8],"Validation":{"Settings":{"ForceResponse":"OFF","Type":"None"}},"GradingData":[],"Language":[],"NextChoiceId":9,"NextAnswerId":1,"QuestionID":"QID6"}},{"SurveyID":"SV_aaUCgEwNf4FMVjU","Element":"SQ","PrimaryAttribute":"QID7","SecondaryAttribute":"Click to write the question text","TertiaryAttribute":null,"Payload":{"QuestionText":"Click to write the question text","DefaultChoices":false,"DataExportTag":"neg_cor","QuestionType":"Matrix","Selector":"Likert","SubSelector":"SingleAnswer","DataVisibility":{"Private":false,"Hidden":false},"Configuration":{"QuestionDescriptionOption":"UseText","TextPosition":"inline","ChoiceColumnWidth":25,"RepeatHeaders":"none","WhiteSpace":"OFF","MobileFirst":true},"QuestionDescription":"Click to write the question text","Choices":{"1":{"Display":"Click to write Statement 1"},"2":{"Display":"Click to write Statement 2"},"3":{"Display":"Click to write Statement 3"}},"ChoiceOrder":["1","2","3"],"Validation":{"Settings":{"ForceResponse":"OFF","Type":"None"}},"GradingData":[],"Language":[],"NextChoiceId":4,"NextAnswerId":4,"Answers":{"1":{"Display":"Click to write Scale Point 1"},"2":{"Display":"Click to write Scale Point 2"},"3":{"Display":"Click to write Scale Point 3"}},"AnswerOrder":["1","2","3"],"ChoiceDataExportTags":false,"QuestionID":"QID7"}},{"SurveyID":"SV_aaUCgEwNf4FMVjU","Element":"SQ","PrimaryAttribute":"QID8","SecondaryAttribute":"Click to write the question text","TertiaryAttribute":null,"Payload":{"QuestionText":"Click to write the question text","DefaultChoices":false,"DataExportTag":"pos_cor","QuestionType":"Matrix","Selector":"Likert","SubSelector":"SingleAnswer","DataVisibility":{"Private":false,"Hidden":false},"Configuration":{"QuestionDescriptionOption":"UseText","TextPosition":"inline","ChoiceColumnWidth":25,"RepeatHeaders":"none","WhiteSpace":"OFF","MobileFirst":true},"QuestionDescription":"Click to write the question text","Choices":{"1":{"Display":"Click to write Statement 1"},"2":{"Display":"Click to write Statement 2"},"3":{"Display":"Click to write Statement 3"},"4":{"Display":"Click to write Statement 4"},"5":{"Display":"Click to write Statement 5"}},"ChoiceOrder":[1,2,3,4,5],"Validation":{"Settings":{"ForceResponse":"OFF","Type":"None"}},"GradingData":[],"Language":[],"NextChoiceId":6,"NextAnswerId":6,"Answers":{"1":{"Display":"Click to write Scale Point 1"},"2":{"Display":"Click to write Scale Point 2"},"3":{"Display":"Click to write Scale Point 3"},"4":{"Display":"Click to write Scale Point 4"},"5":{"Display":"Click to write Scale Point 5"}},"AnswerOrder":[1,2,3,4,5],"ChoiceDataExportTags":false,"QuestionID":"QID8"}},{"SurveyID":"SV_aaUCgEwNf4FMVjU","Element":"SQ","PrimaryAttribute":"QID9","SecondaryAttribute":"Click to write the question text","TertiaryAttribute":null,"Payload":{"QuestionText":"Click to write the question text","DefaultChoices":false,"DataExportTag":"new_scale","QuestionType":"Matrix","Selector":"Likert","SubSelector":"SingleAnswer","DataVisibility":{"Private":false,"Hidden":false},"Configuration":{"QuestionDescriptionOption":"UseText","TextPosition":"inline","ChoiceColumnWidth":25,"RepeatHeaders":"none","WhiteSpace":"OFF","MobileFirst":true},"QuestionDescription":"Click to write the question text","Choices":{"1":{"Display":"Click to write Statement 1"},"2":{"Display":"Click to write Statement 2"},"3":{"Display":"Click to write Statement 3"},"4":{"Display":"Click to write Statement 4"},"5":{"Display":"Click to write Statement 5"}},"ChoiceOrder":[1,2,3,4,5],"Validation":{"Settings":{"ForceResponse":"OFF","Type":"None"}},"GradingData":[],"Language":[],"NextChoiceId":6,"NextAnswerId":6,"Answers":{"1":{"Display":"Click to write Scale Point 1"},"2":{"Display":"Click to write Scale Point 2"},"3":{"Display":"Click to write Scale Point 3"},"4":{"Display":"Click to write Scale Point 4"},"5":{"Display":"Click to write Scale Point 5"}},"AnswerOrder":[1,2,3,4,5],"ChoiceDataExportTags":false,"QuestionID":"QID9"}},{"SurveyID":"SV_aaUCgEwNf4FMVjU","Element":"STAT","PrimaryAttribute":"Survey Statistics","SecondaryAttribute":null,"TertiaryAttribute":null,"Payload":{"MobileCompatible":false,"ID":"Survey Statistics"}}]}